
Microsoft Visual Studio Solution File, Format Version 12.00
Project("{FAE04EC0-301F-11D3-BF4B-00C04F79EFBC}") = "VisitCard.API", "VisitCard.API\VisitCard.API.csproj", "{52866E4E-2C4F-4B9E-B9C2-0C8809FBE768}"
EndProject
Project("{FAE04EC0-301F-11D3-BF4B-00C04F79EFBC}") = "VisitCard.BLL", "VisitCard.BLL\VisitCard.BLL.csproj", "{B557ED60-1997-4F94-AB84-6B62A0C63BDB}"
EndProject
Project("{FAE04EC0-301F-11D3-BF4B-00C04F79EFBC}") = "VisitCard.DAL", "VisitCard.DAL\VisitCard.DAL.csproj", "{65EF9320-E078-4A57-A61A-7FDB7ACEEB42}"
EndProject
Global
	GlobalSection(SolutionConfigurationPlatforms) = preSolution
		Debug|Any CPU = Debug|Any CPU
		Release|Any CPU = Release|Any CPU
	EndGlobalSection
	GlobalSection(ProjectConfigurationPlatforms) = postSolution
		{52866E4E-2C4F-4B9E-B9C2-0C8809FBE768}.Debug|Any CPU.ActiveCfg = Debug|Any CPU
		{52866E4E-2C4F-4B9E-B9C2-0C8809FBE768}.Debug|Any CPU.Build.0 = Debug|Any CPU
		{52866E4E-2C4F-4B9E-B9C2-0C8809FBE768}.Release|Any CPU.ActiveCfg = Release|Any CPU
		{52866E4E-2C4F-4B9E-B9C2-0C8809FBE768}.Release|Any CPU.Build.0 = Release|Any CPU
		{B557ED60-1997-4F94-AB84-6B62A0C63BDB}.Debug|Any CPU.ActiveCfg = Debug|Any CPU
		{B557ED60-1997-4F94-AB84-6B62A0C63BDB}.Debug|Any CPU.Build.0 = Debug|Any CPU
		{B557ED60-1997-4F94-AB84-6B62A0C63BDB}.Release|Any CPU.ActiveCfg = Release|Any CPU
		{B557ED60-1997-4F94-AB84-6B62A0C63BDB}.Release|Any CPU.Build.0 = Release|Any CPU
		{65EF9320-E078-4A57-A61A-7FDB7ACEEB42}.Debug|Any CPU.ActiveCfg = Debug|Any CPU
		{65EF9320-E078-4A57-A61A-7FDB7ACEEB42}.Debug|Any CPU.Build.0 = Debug|Any CPU
		{65EF9320-E078-4A57-A61A-7FDB7ACEEB42}.Release|Any CPU.ActiveCfg = Release|Any CPU
		{65EF9320-E078-4A57-A61A-7FDB7ACEEB42}.Release|Any CPU.Build.0 = Release|Any CPU
	EndGlobalSection
EndGlobal
